{
  "requires": true,
  "lockfileVersion": 1,
  "dependencies": {
    "ansi": {
      "version": "0.3.1",
      "resolved": "https://registry.npmjs.org/ansi/-/ansi-0.3.1.tgz",
      "integrity": "sha1-DELU+xcWDVqa8eSEus4cZpIsGyE="
    },
    "ansi-styles": {
      "version": "3.2.1",
      "resolved": "https://registry.npmjs.org/ansi-styles/-/ansi-styles-3.2.1.tgz",
      "integrity": "sha512-VT0ZI6kZRdTh8YyJw3SMbYm/u+NqfsAxEpWO0Pf9sq8/e94WxxOpPKx9FR1FlyCtOVDNOQ+8ntlqFxiRc+r5qA==",
      "requires": {
        "color-convert": "1.9.3"
      }
    },
    "are-we-there-yet": {
      "version": "1.1.5",
      "resolved": "https://registry.npmjs.org/are-we-there-yet/-/are-we-there-yet-1.1.5.tgz",
      "integrity": "sha512-5hYdAkZlcG8tOLujVDTgCT+uPX0VnpAH28gWsLfzpXYm7wP6mp5Q/gYyR7YQ0cKVJcXJnl3j2kpBan13PtQf6w==",
      "requires": {
        "delegates": "1.0.0",
        "readable-stream": "2.3.6"
      }
    },
    "async": {
      "version": "1.5.2",
      "resolved": "https://registry.npmjs.org/async/-/async-1.5.2.tgz",
      "integrity": "sha1-7GphrlZIDAw8skHJVhjiCJL5Zyo="
    },
    "bindings": {
      "version": "1.3.1",
      "resolved": "https://registry.npmjs.org/bindings/-/bindings-1.3.1.tgz",
      "integrity": "sha512-i47mqjF9UbjxJhxGf+pZ6kSxrnI3wBLlnGI2ArWJ4r0VrvDS7ZYXkprq/pLaBWYq4GM0r4zdHY+NNRqEMU7uew=="
    },
    "buffertools": {
      "version": "2.1.6",
      "resolved": "https://registry.npmjs.org/buffertools/-/buffertools-2.1.6.tgz",
      "integrity": "sha1-MMGbCFY2uI32kq7v7qD/FWeA6RY="
    },
    "chalk": {
      "version": "2.4.2",
      "resolved": "https://registry.npmjs.org/chalk/-/chalk-2.4.2.tgz",
      "integrity": "sha512-Mti+f9lpJNcwF4tWV8/OrTTtF1gZi+f8FqlyAdouralcFWFQWF2+NgCHShjkCb+IFBLq9buZwE1xckQU4peSuQ==",
      "requires": {
        "ansi-styles": "3.2.1",
        "escape-string-regexp": "1.0.5",
        "supports-color": "5.5.0"
      }
    },
    "color-convert": {
      "version": "1.9.3",
      "resolved": "https://registry.npmjs.org/color-convert/-/color-convert-1.9.3.tgz",
      "integrity": "sha512-QfAUtd+vFdAtFQcC8CCyYt1fYWxSqAiK2cSD6zDB8N3cpsEBAvRxp9zOGg6G/SHHJYAT88/az/IuDGALsNVbGg==",
      "requires": {
        "color-name": "1.1.3"
      }
    },
    "color-name": {
      "version": "1.1.3",
      "resolved": "https://registry.npmjs.org/color-name/-/color-name-1.1.3.tgz",
      "integrity": "sha1-p9BVi9icQveV3UIyj3QIMcpTvCU="
    },
    "commander": {
      "version": "2.20.3",
      "resolved": "https://registry.npmjs.org/commander/-/commander-2.20.3.tgz",
      "integrity": "sha512-GpVkmM8vF2vQUkj2LvZmD35JxeJOLCwJ9cUkugyk2nuhbv3+mJvpLYYt+0+USMxE+oj+ey/lJEnhZw75x/OMcQ=="
    },
    "complex.js": {
      "version": "2.0.4",
      "resolved": "https://registry.npmjs.org/complex.js/-/complex.js-2.0.4.tgz",
      "integrity": "sha512-Syl95HpxUTS0QjwNxencZsKukgh1zdS9uXeXX2Us0pHaqBR6kiZZi0AkZ9VpZFwHJyVIUVzI4EumjWdXP3fy6w=="
    },
    "core-util-is": {
      "version": "1.0.2",
      "resolved": "https://registry.npmjs.org/core-util-is/-/core-util-is-1.0.2.tgz",
      "integrity": "sha1-tf1UIgqivFq1eqtxQMlAdUUDwac="
    },
    "debug": {
      "version": "2.6.9",
      "resolved": "https://registry.npmjs.org/debug/-/debug-2.6.9.tgz",
      "integrity": "sha512-bC7ElrdJaJnPbAP+1EotYvqZsb3ecl5wi6Bfi6BJTUcNowp6cvspg0jXznRTKDjm/E7AdgFBVeAPVMNcKGsHMA==",
      "requires": {
        "ms": "2.0.0"
      }
    },
    "decimal.js": {
      "version": "9.0.1",
      "resolved": "https://registry.npmjs.org/decimal.js/-/decimal.js-9.0.1.tgz",
      "integrity": "sha512-2h0iKbJwnImBk4TGk7CG1xadoA0g3LDPlQhQzbZ221zvG0p2YVUedbKIPsOZXKZGx6YmZMJKYOalpCMxSdDqTQ=="
    },
    "delegates": {
      "version": "1.0.0",
      "resolved": "https://registry.npmjs.org/delegates/-/delegates-1.0.0.tgz",
      "integrity": "sha1-hMbhWbgZBP3KWaDvRM2HDTElD5o="
    },
    "dht-drivers": {
      "version": "0.0.2",
      "resolved": "https://registry.npmjs.org/dht-drivers/-/dht-drivers-0.0.2.tgz",
      "integrity": "sha512-vggyxA4VsS4rSbx8w7Q6L4lJoF4FlAUAJIH5rkl7lpYyZwD4Pp1w4CQ5c/ykXE8Gg7gC1+9MTQ+m4TEHBb/2aA==",
      "requires": {
        "bindings": "1.2.1"
      },
      "dependencies": {
        "bindings": {
          "version": "1.2.1",
          "resolved": "https://registry.npmjs.org/bindings/-/bindings-1.2.1.tgz",
          "integrity": "sha1-FK1hE4EtLTfXLme0ystLtyZQXxE="
        }
      }
    },
    "di-sensors": {
      "version": "0.0.2",
      "resolved": "https://registry.npmjs.org/di-sensors/-/di-sensors-0.0.2.tgz",
      "integrity": "sha512-vSbayWf6wbfVWyf1swD3Fa8BIn+b3TaY488+DLKhpK5DPeIVmjL0SnAMG2C0fo2BWnKeA1qg5dnfytrIOJbxHw==",
      "requires": {
        "dht-drivers": "0.0.2",
        "i2c-bus": "1.2.5",
        "lock-me": "1.0.4",
        "lodash": "4.17.15",
        "mathjs": "3.20.2",
        "sleep": "5.2.4",
        "spi-device": "0.2.6"
      },
      "dependencies": {
        "nan": {
          "version": "2.14.0",
          "resolved": "https://registry.npmjs.org/nan/-/nan-2.14.0.tgz",
          "integrity": "sha512-INOFj37C7k3AfaNTtX8RhsTw7qRy7eLET14cROi9+5HAVbbHuIWUHEauBv5qT4Av2tWasiTY1Jw6puUNqRJXQg=="
        },
        "sleep": {
          "version": "5.2.4",
          "resolved": "https://registry.npmjs.org/sleep/-/sleep-5.2.4.tgz",
          "integrity": "sha512-SoltvxayTifWOgOGD6CTh+djcp5TaOa/zdbaA38wEH1ahF2azmiLOh8CPt6ExHf0pAJAsA9OCHTS7zK24Ym4yA==",
          "requires": {
            "nan": "2.14.0"
          }
        }
      }
    },
    "escape-latex": {
      "version": "1.2.0",
      "resolved": "https://registry.npmjs.org/escape-latex/-/escape-latex-1.2.0.tgz",
      "integrity": "sha512-nV5aVWW1K0wEiUIEdZ4erkGGH8mDxGyxSeqPzRNtWP7ataw+/olFObw7hujFWlVjNsaDFw5VZ5NzVSIqRgfTiw=="
    },
    "escape-string-regexp": {
      "version": "1.0.5",
      "resolved": "https://registry.npmjs.org/escape-string-regexp/-/escape-string-regexp-1.0.5.tgz",
      "integrity": "sha1-G2HAViGQqN/2rjuyzwIAyhMLhtQ="
    },
    "find-process": {
      "version": "1.4.3",
      "resolved": "https://registry.npmjs.org/find-process/-/find-process-1.4.3.tgz",
      "integrity": "sha512-+IA+AUsQCf3uucawyTwMWcY+2M3FXq3BRvw3S+j5Jvydjk31f/+NPWpYZOJs+JUs2GvxH4Yfr6Wham0ZtRLlPA==",
      "requires": {
        "chalk": "2.4.2",
        "commander": "2.20.3",
        "debug": "2.6.9"
      }
    },
    "fraction.js": {
      "version": "4.0.4",
      "resolved": "https://registry.npmjs.org/fraction.js/-/fraction.js-4.0.4.tgz",
      "integrity": "sha512-aK/oGatyYLTtXRHjfEsytX5fieeR5H4s8sLorzcT12taFS+dbMZejnvm9gRa8mZAPwci24ucjq9epDyaq5u8Iw=="
    },
    "fs-ext": {
      "version": "github:baudehlo/node-fs-ext#3125353321c30bd35fc38e40ce76ffe3872e215b",
      "optional": true,
      "requires": {
        "nan": "2.14.0"
      },
      "dependencies": {
        "nan": {
          "version": "2.14.0",
          "resolved": "https://registry.npmjs.org/nan/-/nan-2.14.0.tgz",
          "integrity": "sha512-INOFj37C7k3AfaNTtX8RhsTw7qRy7eLET14cROi9+5HAVbbHuIWUHEauBv5qT4Av2tWasiTY1Jw6puUNqRJXQg==",
          "optional": true
        }
      }
    },
    "gauge": {
      "version": "1.2.7",
      "resolved": "https://registry.npmjs.org/gauge/-/gauge-1.2.7.tgz",
      "integrity": "sha1-6c7FSD09TuDvRLYKfZnkk14TbZM=",
      "requires": {
        "ansi": "0.3.1",
        "has-unicode": "2.0.1",
        "lodash.pad": "4.5.1",
        "lodash.padend": "4.6.1",
        "lodash.padstart": "4.6.1"
      }
    },
    "has-flag": {
      "version": "3.0.0",
      "resolved": "https://registry.npmjs.org/has-flag/-/has-flag-3.0.0.tgz",
      "integrity": "sha1-tdRU3CGZriJWmfNGfloH87lVuv0="
    },
    "has-unicode": {
      "version": "2.0.1",
      "resolved": "https://registry.npmjs.org/has-unicode/-/has-unicode-2.0.1.tgz",
      "integrity": "sha1-4Ob+aijPUROIVeCG0Wkedx3iqLk="
    },
    "i2c-bus": {
      "version": "1.2.5",
      "resolved": "https://registry.npmjs.org/i2c-bus/-/i2c-bus-1.2.5.tgz",
      "integrity": "sha512-cwa0p/wg2bNx7IaCWT1aTK3Aptq3Ul2nTHHHwj8+ACfmPXsbWet5Werkzja80ZlC5sRkhIr/C0zKMmr5wJ8Z/w==",
      "requires": {
        "bindings": "1.3.1",
        "nan": "2.8.0"
      }
    },
    "inherits": {
      "version": "2.0.4",
      "resolved": "https://registry.npmjs.org/inherits/-/inherits-2.0.4.tgz",
      "integrity": "sha512-k/vGaX4/Yla3WzyMCvTQOXYeIHvqOKtnqBduzTHpzpQZzAskKMhZ2K+EnBiSM9zGSoIFeMpXKxa4dYeZIQqewQ=="
    },
    "is-promise": {
      "version": "1.0.1",
      "resolved": "https://registry.npmjs.org/is-promise/-/is-promise-1.0.1.tgz",
      "integrity": "sha1-MVc3YcBX4zwukaq56W2gjO++duU="
    },
    "isarray": {
      "version": "1.0.0",
      "resolved": "https://registry.npmjs.org/isarray/-/isarray-1.0.0.tgz",
      "integrity": "sha1-u5NdSFgsuhaMBoNJV6VKPgcSTxE="
    },
    "javascript-natural-sort": {
      "version": "0.7.1",
      "resolved": "https://registry.npmjs.org/javascript-natural-sort/-/javascript-natural-sort-0.7.1.tgz",
      "integrity": "sha1-+eIwPUUH9tdDVac2ZNFED7Wg71k="
    },
    "lock-me": {
      "version": "1.0.4",
      "resolved": "https://registry.npmjs.org/lock-me/-/lock-me-1.0.4.tgz",
      "integrity": "sha512-PH/uZMCtlTfiPcKnNVc8cF57Jrc9uTcil4qL6f1faTWV71J3ym8LIlaO385BtoC3MQb+jt3t2R8SnHxcQ5pafw==",
      "requires": {
        "async": "2.6.3",
        "find-process": "1.4.3",
        "fs-ext": "github:baudehlo/node-fs-ext#3125353321c30bd35fc38e40ce76ffe3872e215b",
        "nodeify": "1.0.1",
        "once": "1.4.0"
      },
      "dependencies": {
        "async": {
          "version": "2.6.3",
          "resolved": "https://registry.npmjs.org/async/-/async-2.6.3.tgz",
          "integrity": "sha512-zflvls11DCy+dQWzTW2dzuilv8Z5X/pjfmZOWba6TNIVDm+2UDaJmXSOXlasHKfNBs8oo3M0aT50fDEWfKZjXg==",
          "requires": {
            "lodash": "4.17.15"
          }
        }
      }
    },
    "lockfile": {
      "version": "1.0.4",
      "resolved": "https://registry.npmjs.org/lockfile/-/lockfile-1.0.4.tgz",
      "integrity": "sha512-cvbTwETRfsFh4nHsL1eGWapU1XFi5Ot9E85sWAwia7Y7EgB7vfqcZhTKZ+l7hCGxSPoushMv5GKhT5PdLv03WA==",
      "requires": {
        "signal-exit": "3.0.2"
      }
    },
    "lodash": {
      "version": "4.17.15",
      "resolved": "https://registry.npmjs.org/lodash/-/lodash-4.17.15.tgz",
      "integrity": "sha512-8xOcRHvCjnocdS5cpwXQXVzmmh5e5+saE2QGoeQmbKmRS6J3VQppPOIt0MnmE+4xlZoumy0GPG0D0MVIQbNA1A=="
    },
    "lodash.pad": {
      "version": "4.5.1",
      "resolved": "https://registry.npmjs.org/lodash.pad/-/lodash.pad-4.5.1.tgz",
      "integrity": "sha1-QzCUmoM6fI2iLMIPaibE1Z3runA="
    },
    "lodash.padend": {
      "version": "4.6.1",
      "resolved": "https://registry.npmjs.org/lodash.padend/-/lodash.padend-4.6.1.tgz",
      "integrity": "sha1-U8y6BH0G4VjTEfRdpiX05J5vFm4="
    },
    "lodash.padstart": {
      "version": "4.6.1",
      "resolved": "https://registry.npmjs.org/lodash.padstart/-/lodash.padstart-4.6.1.tgz",
      "integrity": "sha1-0uPuv/DZ05rVD1y9G1KnvOa7YRs="
    },
    "mathjs": {
      "version": "3.20.2",
      "resolved": "https://registry.npmjs.org/mathjs/-/mathjs-3.20.2.tgz",
      "integrity": "sha512-3f6/+uf1cUtIz1rYFz775wekl/UEDSQ3mU6xdxW7qzpvvhc2v28i3UtLsGTRB+u8OqDWoSX6Dz8gehaGFs6tCA==",
      "requires": {
        "complex.js": "2.0.4",
        "decimal.js": "9.0.1",
        "escape-latex": "1.2.0",
        "fraction.js": "4.0.4",
        "javascript-natural-sort": "0.7.1",
        "seed-random": "2.2.0",
        "tiny-emitter": "2.0.2",
        "typed-function": "0.10.7"
      }
    },
    "ms": {
      "version": "2.0.0",
      "resolved": "https://registry.npmjs.org/ms/-/ms-2.0.0.tgz",
      "integrity": "sha1-VgiurfwAvmwpAd9fmGF4jeDVl8g="
    },
    "nan": {
      "version": "2.8.0",
      "resolved": "https://registry.npmjs.org/nan/-/nan-2.8.0.tgz",
      "integrity": "sha1-7XFfP+neArV6XmJS2QqWZ14fCFo="
    },
    "node-gopigo3": {
      "version": "0.0.3",
      "resolved": "https://registry.npmjs.org/node-gopigo3/-/node-gopigo3-0.0.3.tgz",
      "integrity": "sha512-m50VWTAz92dGXJcbUJAXfGi9xYeiXqjP4niNx/xwcmMl3jgXcu59Il6osdrabHmDrJyLF/1yrdxNmGxTiw/C0g==",
      "requires": {
        "di-sensors": "0.0.2",
        "i2c-bus": "1.2.5",
        "lockfile": "1.0.4",
        "lodash": "4.17.15",
        "mathjs": "3.20.2",
        "readline-sync": "1.4.10",
        "sleep": "5.2.4",
        "spi-device": "0.2.6"
      },
      "dependencies": {
        "nan": {
          "version": "2.14.0",
          "resolved": "https://registry.npmjs.org/nan/-/nan-2.14.0.tgz",
          "integrity": "sha512-INOFj37C7k3AfaNTtX8RhsTw7qRy7eLET14cROi9+5HAVbbHuIWUHEauBv5qT4Av2tWasiTY1Jw6puUNqRJXQg=="
        },
        "sleep": {
          "version": "5.2.4",
          "resolved": "https://registry.npmjs.org/sleep/-/sleep-5.2.4.tgz",
          "integrity": "sha512-SoltvxayTifWOgOGD6CTh+djcp5TaOa/zdbaA38wEH1ahF2azmiLOh8CPt6ExHf0pAJAsA9OCHTS7zK24Ym4yA==",
          "requires": {
            "nan": "2.14.0"
          }
        }
      }
    },
    "nodeify": {
      "version": "1.0.1",
      "resolved": "https://registry.npmjs.org/nodeify/-/nodeify-1.0.1.tgz",
      "integrity": "sha1-ZKtpp7268DzhB7TwM1yHwLnpGx0=",
      "requires": {
        "is-promise": "1.0.1",
        "promise": "1.3.0"
      }
    },
    "npmlog": {
      "version": "2.0.4",
      "resolved": "https://registry.npmjs.org/npmlog/-/npmlog-2.0.4.tgz",
      "integrity": "sha1-mLUlMPJRTKkNCexbIsiEZyI3VpI=",
      "requires": {
        "ansi": "0.3.1",
        "are-we-there-yet": "1.1.5",
        "gauge": "1.2.7"
      }
    },
    "once": {
      "version": "1.4.0",
      "resolved": "https://registry.npmjs.org/once/-/once-1.4.0.tgz",
      "integrity": "sha1-WDsap3WWHUsROsF9nFC6753Xa9E=",
      "requires": {
        "wrappy": "1.0.2"
      }
    },
    "process-nextick-args": {
      "version": "2.0.1",
      "resolved": "https://registry.npmjs.org/process-nextick-args/-/process-nextick-args-2.0.1.tgz",
      "integrity": "sha512-3ouUOpQhtgrbOa17J7+uxOTpITYWaGP7/AhoR3+A+/1e9skrzelGi/dXzEYyvbxubEF6Wn2ypscTKiKJFFn1ag=="
    },
    "promise": {
      "version": "1.3.0",
      "resolved": "https://registry.npmjs.org/promise/-/promise-1.3.0.tgz",
      "integrity": "sha1-5cyaTIJ45GZP/twBx9qEhCsEAXU=",
      "requires": {
        "is-promise": "1.0.1"
      }
    },
    "readable-stream": {
      "version": "2.3.6",
      "resolved": "https://registry.npmjs.org/readable-stream/-/readable-stream-2.3.6.tgz",
      "integrity": "sha512-tQtKA9WIAhBF3+VLAseyMqZeBjW0AHJoxOtYqSUZNJxauErmLbVm2FW1y+J/YA9dUrAC39ITejlZWhVIwawkKw==",
      "requires": {
        "core-util-is": "1.0.2",
        "inherits": "2.0.4",
        "isarray": "1.0.0",
        "process-nextick-args": "2.0.1",
        "safe-buffer": "5.1.2",
        "string_decoder": "1.1.1",
        "util-deprecate": "1.0.2"
      }
    },
    "readline-sync": {
      "version": "1.4.10",
      "resolved": "https://registry.npmjs.org/readline-sync/-/readline-sync-1.4.10.tgz",
      "integrity": "sha512-gNva8/6UAe8QYepIQH/jQ2qn91Qj0B9sYjMBBs3QOB8F2CXcKgLxQaJRP76sWVRQt+QU+8fAkCbCvjjMFu7Ycw=="
    },
    "safe-buffer": {
      "version": "5.1.2",
      "resolved": "https://registry.npmjs.org/safe-buffer/-/safe-buffer-5.1.2.tgz",
      "integrity": "sha512-Gd2UZBJDkXlY7GbJxfsE8/nvKkUEU1G38c1siN6QP6a9PT9MmHB8GnpscSmMJSoF8LOIrt8ud/wPtojys4G6+g=="
    },
    "seed-random": {
      "version": "2.2.0",
      "resolved": "https://registry.npmjs.org/seed-random/-/seed-random-2.2.0.tgz",
      "integrity": "sha1-KpsZ4lCoFwmSMaW5mk2vgLf77VQ="
    },
    "signal-exit": {
      "version": "3.0.2",
      "resolved": "https://registry.npmjs.org/signal-exit/-/signal-exit-3.0.2.tgz",
      "integrity": "sha1-tf3AjxKH6hF4Yo5BXiUTK3NkbG0="
    },
    "sleep": {
      "version": "3.0.1",
      "resolved": "https://registry.npmjs.org/sleep/-/sleep-3.0.1.tgz",
      "integrity": "sha1-vk0XxXk2DgfgTtgXK6KxCmkFTfM=",
      "requires": {
        "nan": "2.8.0"
      }
    },
    "spi-device": {
      "version": "0.2.6",
      "resolved": "https://registry.npmjs.org/spi-device/-/spi-device-0.2.6.tgz",
      "integrity": "sha1-tmosN1gAsqgFQXZUIuFU4Ln8bE8=",
      "requires": {
        "bindings": "1.2.1",
        "nan": "2.5.1"
      },
      "dependencies": {
        "bindings": {
          "version": "1.2.1",
          "resolved": "https://registry.npmjs.org/bindings/-/bindings-1.2.1.tgz",
          "integrity": "sha1-FK1hE4EtLTfXLme0ystLtyZQXxE="
        },
        "nan": {
          "version": "2.5.1",
          "resolved": "https://registry.npmjs.org/nan/-/nan-2.5.1.tgz",
          "integrity": "sha1-1bAWkSUzJql6K77p5hxV2NYDUeI="
        }
      }
    },
    "string_decoder": {
      "version": "1.1.1",
      "resolved": "https://registry.npmjs.org/string_decoder/-/string_decoder-1.1.1.tgz",
      "integrity": "sha512-n/ShnvDi6FHbbVfviro+WojiFzv+s8MPMHBczVePfUpDJLwoLT0ht1l4YwBCbi8pJAveEEdnkHyPyTP/mzRfwg==",
      "requires": {
        "safe-buffer": "5.1.2"
      }
    },
    "supports-color": {
      "version": "5.5.0",
      "resolved": "https://registry.npmjs.org/supports-color/-/supports-color-5.5.0.tgz",
      "integrity": "sha512-QjVjwdXIt408MIiAqCX4oUKsgU2EqAGzs2Ppkm4aQYbjm+ZEWEcW4SfFNTr4uMNZma0ey4f5lgLrkB0aX0QMow==",
      "requires": {
        "has-flag": "3.0.0"
      }
    },
    "tiny-emitter": {
      "version": "2.0.2",
      "resolved": "https://registry.npmjs.org/tiny-emitter/-/tiny-emitter-2.0.2.tgz",
      "integrity": "sha512-2NM0auVBGft5tee/OxP4PI3d8WItkDM+fPnaRAVo6xTDI2knbz9eC5ArWGqtGlYqiH3RU5yMpdyTTO7MguC4ow=="
    },
    "typed-function": {
      "version": "0.10.7",
      "resolved": "https://registry.npmjs.org/typed-function/-/typed-function-0.10.7.tgz",
      "integrity": "sha512-3mlZ5AwRMbLvUKkc8a1TI4RUJUS2H27pmD5q0lHRObgsoWzhDAX01yg82kwSP1FUw922/4Y9ZliIEh0qJZcz+g=="
    },
    "util-deprecate": {
      "version": "1.0.2",
      "resolved": "https://registry.npmjs.org/util-deprecate/-/util-deprecate-1.0.2.tgz",
      "integrity": "sha1-RQ1Nyfpw3nMnYvvS1KKJgUGaDM8="
    },
    "wrappy": {
      "version": "1.0.2",
      "resolved": "https://registry.npmjs.org/wrappy/-/wrappy-1.0.2.tgz",
      "integrity": "sha1-tSQ9jz7BqjXxNkYFvA0QNuMKtp8="
    }
  }
}
